
Microsoft Visual Studio Solution File, Format Version 12.00
Project("{FAE04EC0-301F-11D3-BF4B-00C04F79EFBC}") = "DotNetAidLib", "DotNetAidLib\DotNetAidLib.csproj", "{5BAC9223-63AC-4D84-8336-D94EFB66DB93}"
EndProject
Project("{FAE04EC0-301F-11D3-BF4B-00C04F79EFBC}") = "DotNetAidLibCmdTest", "DotNetAidLibCmdTest\DotNetAidLibCmdTest.csproj", "{D9367D65-D4AC-4D05-B12E-ACD533DBE5E8}"
EndProject
Global
	GlobalSection(SolutionConfigurationPlatforms) = preSolution
		Debug|Any CPU = Debug|Any CPU
		Release|Any CPU = Release|Any CPU
	EndGlobalSection
	GlobalSection(ProjectConfigurationPlatforms) = postSolution
		{5BAC9223-63AC-4D84-8336-D94EFB66DB93}.Debug|Any CPU.ActiveCfg = Debug|Any CPU
		{5BAC9223-63AC-4D84-8336-D94EFB66DB93}.Debug|Any CPU.Build.0 = Debug|Any CPU
		{5BAC9223-63AC-4D84-8336-D94EFB66DB93}.Release|Any CPU.ActiveCfg = Release|Any CPU
		{5BAC9223-63AC-4D84-8336-D94EFB66DB93}.Release|Any CPU.Build.0 = Release|Any CPU
		{D9367D65-D4AC-4D05-B12E-ACD533DBE5E8}.Debug|Any CPU.ActiveCfg = Debug|Any CPU
		{D9367D65-D4AC-4D05-B12E-ACD533DBE5E8}.Debug|Any CPU.Build.0 = Debug|Any CPU
		{D9367D65-D4AC-4D05-B12E-ACD533DBE5E8}.Release|Any CPU.ActiveCfg = Release|Any CPU
		{D9367D65-D4AC-4D05-B12E-ACD533DBE5E8}.Release|Any CPU.Build.0 = Release|Any CPU
	EndGlobalSection
EndGlobal
